// !$*UTF8*$!
{
	archiveVersion = 1;
	classes = {
	};
	objectVersion = 46;
	objects = {

/* Begin PBXBuildFile section */
		CD917F4F1E1328050066C10E /* AppDelegate.swift in Sources */ = {isa = PBXBuildFile; fileRef = CD917F4E1E1328050066C10E /* AppDelegate.swift */; };
		CD917F511E1328050066C10E /* ViewController.swift in Sources */ = {isa = PBXBuildFile; fileRef = CD917F501E1328050066C10E /* ViewController.swift */; };
		CD917F541E1328050066C10E /* Main.storyboard in Resources */ = {isa = PBXBuildFile; fileRef = CD917F521E1328050066C10E /* Main.storyboard */; };
		CD917F561E1328050066C10E /* Assets.xcassets in Resources */ = {isa = PBXBuildFile; fileRef = CD917F551E1328050066C10E /* Assets.xcassets */; };
		CD917F591E1328050066C10E /* LaunchScreen.storyboard in Resources */ = {isa = PBXBuildFile; fileRef = CD917F571E1328050066C10E /* LaunchScreen.storyboard */; };
/* End PBXBuildFile section */

/* Begin PBXFileReference section */
		CD917F4B1E1328050066C10E /* InputViewExample.app */ = {isa = PBXFileReference; explicitFileType = wrapper.application; includeInIndex = 0; path = InputViewExample.app; sourceTree = BUILT_PRODUCTS_DIR; };
		CD917F4E1E1328050066C10E /* AppDelegate.swift */ = {isa = PBXFileReference; lastKnownFileType = sourcecode.swift; path = AppDelegate.swift; sourceTree = "<group>"; };
		CD917F501E1328050066C10E /* ViewController.swift */ = {isa = PBXFileReference; lastKnownFileType = sourcecode.swift; path = ViewController.swift; sourceTree = "<group>"; };
		CD917F531E1328050066C10E /* Base */ = {isa = PBXFileReference; lastKnownFileType = file.storyboard; name = Base; path = Base.lproj/Main.storyboard; sourceTree = "<group>"; };
		CD917F551E1328050066C10E /* Assets.xcassets */ = {isa = PBXFileReference; lastKnownFileType = folder.assetcatalog; path = Assets.xcassets; sourceTree = "<group>"; };
		CD917F581E1328050066C10E /* Base */ = {isa = PBXFileReference; lastKnownFileType = file.storyboard; name = Base; path = Base.lproj/LaunchScreen.storyboard; sourceTree = "<group>"; };
		CD917F5A1E1328050066C10E /* Info.plist */ = {isa = PBXFileReference; lastKnownFileType = text.plist.xml; path = Info.plist; sourceTree = "<group>"; };
/* End PBXFileReference section */

/* Begin PBXFrameworksBuildPhase section */
		CD917F481E1328050066C10E /* Frameworks */ = {
			isa = PBXFrameworksBuildPhase;
			buildActionMask = 2147483647;
			files = (
			);
			runOnlyForDeploymentPostprocessing = 0;
		};
/* End PBXFrameworksBuildPhase section */

/* Begin PBXGroup section */
		CD917F421E1328050066C10E = {
			isa = PBXGroup;
			children = (
				CD917F4D1E1328050066C10E /* InputViewExample */,
				CD917F4C1E1328050066C10E /* Products */,
			);
			sourceTree = "<group>";
		};
		CD917F4C1E1328050066C10E /* Products */ = {
			isa = PBXGroup;
			children = (
				CD917F4B1E1328050066C10E /* InputViewExample.app */,
			);
			name = Products;
			sourceTree = "<group>";
		};
		CD917F4D1E1328050066C10E /* InputViewExample */ = {
			isa = PBXGroup;
			children = (
				CD917F4E1E1328050066C10E /* AppDelegate.swift */,
				CD917F501E1328050066C10E /* ViewController.swift */,
				CD917F521E1328050066C10E /* Main.storyboard */,
				CD917F551E1328050066C10E /* Assets.xcassets */,
				CD917F571E1328050066C10E /* LaunchScreen.storyboard */,
				CD917F5A1E1328050066C10E /* Info.plist */,
			);
			path = InputViewExample;
			sourceTree = "<group>";
		};
/* End PBXGroup section */

/* Begin PBXNativeTarget section */
		CD917F4A1E1328050066C10E /* InputViewExample */ = {
			isa = PBXNativeTarget;
			buildConfigurationList = CD917F5D1E1328050066C10E /* Build configuration list for PBXNativeTarget "InputViewExample" */;
			buildPhases = (
				CD917F471E1328050066C10E /* Sources */,
				CD917F481E1328050066C10E /* Frameworks */,
				CD917F491E1328050066C10E /* Resources */,
			);
			buildRules = (
			);
			dependencies = (
			);
			name = InputViewExample;
			productName = InputViewExample;
			productReference = CD917F4B1E1328050066C10E /* InputViewExample.app */;
			productType = "com.apple.product-type.application";
		};
/* End PBXNativeTarget section */

/* Begin PBXProject section */
		CD917F431E1328050066C10E /* Project object */ = {
			isa = PBXProject;
			attributes = {
				LastSwiftUpdateCheck = 0820;
				LastUpgradeCheck = 0820;
				ORGANIZATIONNAME = "Nazariy Vlizlo";
				TargetAttributes = {
					CD917F4A1E1328050066C10E = {
						CreatedOnToolsVersion = 8.2.1;
						DevelopmentTeam = 7W6E52TEYZ;
						ProvisioningStyle = Automatic;
					};
				};
			};
			buildConfigurationList = CD917F461E1328050066C10E /* Build configuration list for PBXProject "InputViewExample" */;
			compatibilityVersion = "Xcode 3.2";
			developmentRegion = English;
			hasScannedForEncodings = 0;
			knownRegions = (
				en,
				Base,
			);
			mainGroup = CD917F421E1328050066C10E;
			productRefGroup = CD917F4C1E1328050066C10E /* Products */;
			projectDirPath = "";
			projectRoot = "";
			targets = (
				CD917F4A1E1328050066C10E /* InputViewExample */,
			);
		};
/* End PBXProject section */

/* Begin PBXResourcesBuildPhase section */
		CD917F491E1328050066C10E /* Resources */ = {
			isa = PBXResourcesBuildPhase;
			buildActionMask = 2147483647;
			files = (
				CD917F591E1328050066C10E /* LaunchScreen.storyboard in Resources */,
				CD917F561E1328050066C10E /* Assets.xcassets in Resources */,
				CD917F541E1328050066C10E /* Main.storyboard in Resources */,
			);
			runOnlyForDeploymentPostprocessing = 0;
		};
/* End PBXResourcesBuildPhase section */

/* Begin PBXSourcesBuildPhase section */
		CD917F471E1328050066C10E /* Sources */ = {
			isa = PBXSourcesBuildPhase;
			buildActionMask = 2147483647;
			files = (
				CD917F511E1328050066C10E /* ViewController.swift in Sources */,
				CD917F4F1E1328050066C10E /* AppDelegate.swift in Sources */,
			);
			runOnlyForDeploymentPostprocessing = 0;
		};
/* End PBXSourcesBuildPhase section */

/* Begin PBXVariantGroup section */
		CD917F521E1328050066C10E /* Main.storyboard */ = {
			isa = PBXVariantGroup;
			children = (
				CD917F531E1328050066C10E /* Base */,
			);
			name = Main.storyboard;
			sourceTree = "<group>";
		};
		CD917F571E1328050066C10E /* LaunchScreen.storyboard */ = {
			isa = PBXVariantGroup;
			children = (
				CD917F581E1328050066C10E /* Base */,
			);
			name = LaunchScreen.storyboard;
			sourceTree = "<group>";
		};
/* End PBXVariantGroup section */

/* Begin XCBuildConfiguration section */
		CD917F5B1E1328050066C10E /* Debug */ = {
			isa = XCBuildConfiguration;
			buildSettings = {
				ALWAYS_SEARCH_USER_PATHS = NO;
				CLANG_ANALYZER_NONNULL = YES;
				CLANG_CXX_LANGUAGE_STANDARD = "gnu++0x";
				CLANG_CXX_LIBRARY = "libc++";
				CLANG_ENABLE_MODULES = YES;
				CLANG_ENABLE_OBJC_ARC = YES;
				CLANG_WARN_BOOL_CONVERSION = YES;
				CLANG_WARN_CONSTANT_CONVERSION = YES;
				CLANG_WARN_DIRECT_OBJC_ISA_USAGE = YES_ERROR;
				CLANG_WARN_DOCUMENTATION_COMMENTS = YES;
				CLANG_WARN_EMPTY_BODY = YES;
				CLANG_WARN_ENUM_CONVERSION = YES;
				CLANG_WARN_INFINITE_RECURSION = YES;
				CLANG_WARN_INT_CONVERSION = YES;
				CLANG_WARN_OBJC_ROOT_CLASS = YES_ERROR;
				CLANG_WARN_SUSPICIOUS_MOVE = YES;
				CLANG_WARN_UNREACHABLE_CODE = YES;
				CLANG_WARN__DUPLICATE_METHOD_MATCH = YES;
				"CODE_SIGN_IDENTITY[sdk=iphoneos*]" = "iPhone Developer";
				COPY_PHASE_STRIP = NO;
				DEBUG_INFORMATION_FORMAT = dwarf;
				ENABLE_STRICT_OBJC_MSGSEND = YES;
				ENABLE_TESTABILITY = YES;
				GCC_C_LANGUAGE_STANDARD = gnu99;
				GCC_DYNAMIC_NO_PIC = NO;
				GCC_NO_COMMON_BLOCKS = YES;
				GCC_OPTIMIZATION_LEVEL = 0;
				GCC_PREPROCESSOR_DEFINITIONS = (
					"DEBUG=1",
					"$(inherited)",
				);
				GCC_WARN_64_TO_32_BIT_CONVERSION = YES;
				GCC_WARN_ABOUT_RETURN_TYPE = YES_ERROR;
				GCC_WARN_UNDECLARED_SELECTOR = YES;
				GCC_WARN_UNINITIALIZED_AUTOS = YES_AGGRESSIVE;
				GCC_WARN_UNUSED_FUNCTION = YES;
				GCC_WARN_UNUSED_VARIABLE = YES;
				IPHONEOS_DEPLOYMENT_TARGET = 10.2;
				MTL_ENABLE_DEBUG_INFO = YES;
				ONLY_ACTIVE_ARCH = YES;
				SDKROOT = iphoneos;
				SWIFT_ACTIVE_COMPILATION_CONDITIONS = DEBUG;
				SWIFT_OPTIMIZATION_LEVEL = "-Onone";
				TARGETED_DEVICE_FAMILY = "1,2";
			};
			name = Debug;
		};
		CD917F5C1E1328050066C10E /* Release */ = {
			isa = XCBuildConfiguration;
			buildSettings = {
				ALWAYS_SEARCH_USER_PATHS = NO;
				CLANG_ANALYZER_NONNULL = YES;
				CLANG_CXX_LANGUAGE_STANDARD = "gnu++0x";
				CLANG_CXX_LIBRARY = "libc++";
				CLANG_ENABLE_MODULES = YES;
				CLANG_ENABLE_OBJC_ARC = YES;
				CLANG_WARN_BOOL_CONVERSION = YES;
				CLANG_WARN_CONSTANT_CONVERSION = YES;
				CLANG_WARN_DIRECT_OBJC_ISA_USAGE = YES_ERROR;
				CLANG_WARN_DOCUMENTATION_COMMENTS = YES;
				CLANG_WARN_EMPTY_BODY = YES;
				CLANG_WARN_ENUM_CONVERSION = YES;
				CLANG_WARN_INFINITE_RECURSION = YES;
				CLANG_WARN_INT_CONVERSION = YES;
				CLANG_WARN_OBJC_ROOT_CLASS = YES_ERROR;
				CLANG_WARN_SUSPICIOUS_MOVE = YES;
				CLANG_WARN_UNREACHABLE_CODE = YES;
				CLANG_WARN__DUPLICATE_METHOD_MATCH = YES;
				"CODE_SIGN_IDENTITY[sdk=iphoneos*]" = "iPhone Developer";
				COPY_PHASE_STRIP = NO;
				DEBUG_INFORMATION_FORMAT = "dwarf-with-dsym";
				ENABLE_NS_ASSERTIONS = NO;
				ENABLE_STRICT_OBJC_MSGSEND = YES;
				GCC_C_LANGUAGE_STANDARD = gnu99;
				GCC_NO_COMMON_BLOCKS = YES;
				GCC_WARN_64_TO_32_BIT_CONVERSION = YES;
				GCC_WARN_ABOUT_RETURN_TYPE = YES_ERROR;
				GCC_WARN_UNDECLARED_SELECTOR = YES;
				GCC_WARN_UNINITIALIZED_AUTOS = YES_AGGRESSIVE;
				GCC_WARN_UNUSED_FUNCTION = YES;
				GCC_WARN_UNUSED_VARIABLE = YES;
				IPHONEOS_DEPLOYMENT_TARGET = 10.2;
				MTL_ENABLE_DEBUG_INFO = NO;
				SDKROOT = iphoneos;
				SWIFT_OPTIMIZATION_LEVEL = "-Owholemodule";
				TARGETED_DEVICE_FAMILY = "1,2";
				VALIDATE_PRODUCT = YES;
			};
			name = Release;
		};
		CD917F5E1E1328050066C10E /* Debug */ = {
			isa = XCBuildConfiguration;
			buildSettings = {
				ASSETCATALOG_COMPILER_APPICON_NAME = AppIcon;
				DEVELOPMENT_TEAM = 7W6E52TEYZ;
				INFOPLIST_FILE = InputViewExample/Info.plist;
				LD_RUNPATH_SEARCH_PATHS = "$(inherited) @executable_path/Frameworks";
				PRODUCT_BUNDLE_IDENTIFIER = nvlizlo.InputViewExample;
				PRODUCT_NAME = "$(TARGET_NAME)";
				SWIFT_VERSION = 3.0;
			};
			name = Debug;
		};
		CD917F5F1E1328050066C10E /* Release */ = {
			isa = XCBuildConfiguration;
			buildSettings = {
				ASSETCATALOG_COMPILER_APPICON_NAME = AppIcon;
				DEVELOPMENT_TEAM = 7W6E52TEYZ;
				INFOPLIST_FILE = InputViewExample/Info.plist;
				LD_RUNPATH_SEARCH_PATHS = "$(inherited) @executable_path/Frameworks";
				PRODUCT_BUNDLE_IDENTIFIER = nvlizlo.InputViewExample;
				PRODUCT_NAME = "$(TARGET_NAME)";
				SWIFT_VERSION = 3.0;
			};
			name = Release;
		};
/* End XCBuildConfiguration section */

/* Begin XCConfigurationList section */
		CD917F461E1328050066C10E /* Build configuration list for PBXProject "InputViewExample" */ = {
			isa = XCConfigurationList;
			buildConfigurations = (
				CD917F5B1E1328050066C10E /* Debug */,
				CD917F5C1E1328050066C10E /* Release */,
			);
			defaultConfigurationIsVisible = 0;
			defaultConfigurationName = Release;
		};
		CD917F5D1E1328050066C10E /* Build configuration list for PBXNativeTarget "InputViewExample" */ = {
			isa = XCConfigurationList;
			buildConfigurations = (
				CD917F5E1E1328050066C10E /* Debug */,
				CD917F5F1E1328050066C10E /* Release */,
			);
			defaultConfigurationIsVisible = 0;
		};
/* End XCConfigurationList section */
	};
	rootObject = CD917F431E1328050066C10E /* Project object */;
}
